// !$*UTF8*$!
{
	archiveVersion = 1;
	classes = {
	};
	objectVersion = 50;
	objects = {

/* Begin PBXBuildFile section */
		37A01CBF265F3E2B00662F4F /* AppDelegate.swift in Sources */ = {isa = PBXBuildFile; fileRef = 37A01CBE265F3E2B00662F4F /* AppDelegate.swift */; };
		37A01CC1265F3E2B00662F4F /* SceneDelegate.swift in Sources */ = {isa = PBXBuildFile; fileRef = 37A01CC0265F3E2B00662F4F /* SceneDelegate.swift */; };
		37A01CC3265F3E2B00662F4F /* ViewController.swift in Sources */ = {isa = PBXBuildFile; fileRef = 37A01CC2265F3E2B00662F4F /* ViewController.swift */; };
		37A01CC6265F3E2B00662F4F /* Main.storyboard in Resources */ = {isa = PBXBuildFile; fileRef = 37A01CC4265F3E2B00662F4F /* Main.storyboard */; };
		37A01CC8265F3E2C00662F4F /* Assets.xcassets in Resources */ = {isa = PBXBuildFile; fileRef = 37A01CC7265F3E2C00662F4F /* Assets.xcassets */; };
		37A01CCB265F3E2C00662F4F /* LaunchScreen.storyboard in Resources */ = {isa = PBXBuildFile; fileRef = 37A01CC9265F3E2C00662F4F /* LaunchScreen.storyboard */; };
		37A01CD6265F3E2C00662F4F /* ConcentrationTests.swift in Sources */ = {isa = PBXBuildFile; fileRef = 37A01CD5265F3E2C00662F4F /* ConcentrationTests.swift */; };
		37A01CE1265F3E2C00662F4F /* ConcentrationUITests.swift in Sources */ = {isa = PBXBuildFile; fileRef = 37A01CE0265F3E2C00662F4F /* ConcentrationUITests.swift */; };
/* End PBXBuildFile section */

/* Begin PBXContainerItemProxy section */
		37A01CD2265F3E2C00662F4F /* PBXContainerItemProxy */ = {
			isa = PBXContainerItemProxy;
			containerPortal = 37A01CB3265F3E2B00662F4F /* Project object */;
			proxyType = 1;
			remoteGlobalIDString = 37A01CBA265F3E2B00662F4F;
			remoteInfo = Concentration;
		};
		37A01CDD265F3E2C00662F4F /* PBXContainerItemProxy */ = {
			isa = PBXContainerItemProxy;
			containerPortal = 37A01CB3265F3E2B00662F4F /* Project object */;
			proxyType = 1;
			remoteGlobalIDString = 37A01CBA265F3E2B00662F4F;
			remoteInfo = Concentration;
		};
/* End PBXContainerItemProxy section */

/* Begin PBXFileReference section */
		37A01CBB265F3E2B00662F4F /* Concentration.app */ = {isa = PBXFileReference; explicitFileType = wrapper.application; includeInIndex = 0; path = Concentration.app; sourceTree = BUILT_PRODUCTS_DIR; };
		37A01CBE265F3E2B00662F4F /* AppDelegate.swift */ = {isa = PBXFileReference; lastKnownFileType = sourcecode.swift; path = AppDelegate.swift; sourceTree = "<group>"; };
		37A01CC0265F3E2B00662F4F /* SceneDelegate.swift */ = {isa = PBXFileReference; lastKnownFileType = sourcecode.swift; path = SceneDelegate.swift; sourceTree = "<group>"; };
		37A01CC2265F3E2B00662F4F /* ViewController.swift */ = {isa = PBXFileReference; lastKnownFileType = sourcecode.swift; path = ViewController.swift; sourceTree = "<group>"; };
		37A01CC5265F3E2B00662F4F /* Base */ = {isa = PBXFileReference; lastKnownFileType = file.storyboard; name = Base; path = Base.lproj/Main.storyboard; sourceTree = "<group>"; };
		37A01CC7265F3E2C00662F4F /* Assets.xcassets */ = {isa = PBXFileReference; lastKnownFileType = folder.assetcatalog; path = Assets.xcassets; sourceTree = "<group>"; };
		37A01CCA265F3E2C00662F4F /* Base */ = {isa = PBXFileReference; lastKnownFileType = file.storyboard; name = Base; path = Base.lproj/LaunchScreen.storyboard; sourceTree = "<group>"; };
		37A01CCC265F3E2C00662F4F /* Info.plist */ = {isa = PBXFileReference; lastKnownFileType = text.plist.xml; path = Info.plist; sourceTree = "<group>"; };
		37A01CD1265F3E2C00662F4F /* ConcentrationTests.xctest */ = {isa = PBXFileReference; explicitFileType = wrapper.cfbundle; includeInIndex = 0; path = ConcentrationTests.xctest; sourceTree = BUILT_PRODUCTS_DIR; };
		37A01CD5265F3E2C00662F4F /* ConcentrationTests.swift */ = {isa = PBXFileReference; lastKnownFileType = sourcecode.swift; path = ConcentrationTests.swift; sourceTree = "<group>"; };
		37A01CD7265F3E2C00662F4F /* Info.plist */ = {isa = PBXFileReference; lastKnownFileType = text.plist.xml; path = Info.plist; sourceTree = "<group>"; };
		37A01CDC265F3E2C00662F4F /* ConcentrationUITests.xctest */ = {isa = PBXFileReference; explicitFileType = wrapper.cfbundle; includeInIndex = 0; path = ConcentrationUITests.xctest; sourceTree = BUILT_PRODUCTS_DIR; };
		37A01CE0265F3E2C00662F4F /* ConcentrationUITests.swift */ = {isa = PBXFileReference; lastKnownFileType = sourcecode.swift; path = ConcentrationUITests.swift; sourceTree = "<group>"; };
		37A01CE2265F3E2D00662F4F /* Info.plist */ = {isa = PBXFileReference; lastKnownFileType = text.plist.xml; path = Info.plist; sourceTree = "<group>"; };
/* End PBXFileReference section */

/* Begin PBXFrameworksBuildPhase section */
		37A01CB8265F3E2B00662F4F /* Frameworks */ = {
			isa = PBXFrameworksBuildPhase;
			buildActionMask = 2147483647;
			files = (
			);
			runOnlyForDeploymentPostprocessing = 0;
		};
		37A01CCE265F3E2C00662F4F /* Frameworks */ = {
			isa = PBXFrameworksBuildPhase;
			buildActionMask = 2147483647;
			files = (
			);
			runOnlyForDeploymentPostprocessing = 0;
		};
		37A01CD9265F3E2C00662F4F /* Frameworks */ = {
			isa = PBXFrameworksBuildPhase;
			buildActionMask = 2147483647;
			files = (
			);
			runOnlyForDeploymentPostprocessing = 0;
		};
/* End PBXFrameworksBuildPhase section */

/* Begin PBXGroup section */
		37A01CB2265F3E2B00662F4F = {
			isa = PBXGroup;
			children = (
				37A01CBD265F3E2B00662F4F /* Concentration */,
				37A01CD4265F3E2C00662F4F /* ConcentrationTests */,
				37A01CDF265F3E2C00662F4F /* ConcentrationUITests */,
				37A01CBC265F3E2B00662F4F /* Products */,
			);
			sourceTree = "<group>";
		};
		37A01CBC265F3E2B00662F4F /* Products */ = {
			isa = PBXGroup;
			children = (
				37A01CBB265F3E2B00662F4F /* Concentration.app */,
				37A01CD1265F3E2C00662F4F /* ConcentrationTests.xctest */,
				37A01CDC265F3E2C00662F4F /* ConcentrationUITests.xctest */,
			);
			name = Products;
			sourceTree = "<group>";
		};
		37A01CBD265F3E2B00662F4F /* Concentration */ = {
			isa = PBXGroup;
			children = (
				37A01CBE265F3E2B00662F4F /* AppDelegate.swift */,
				37A01CC0265F3E2B00662F4F /* SceneDelegate.swift */,
				37A01CC2265F3E2B00662F4F /* ViewController.swift */,
				37A01CC4265F3E2B00662F4F /* Main.storyboard */,
				37A01CC7265F3E2C00662F4F /* Assets.xcassets */,
				37A01CC9265F3E2C00662F4F /* LaunchScreen.storyboard */,
				37A01CCC265F3E2C00662F4F /* Info.plist */,
			);
			path = Concentration;
			sourceTree = "<group>";
		};
		37A01CD4265F3E2C00662F4F /* ConcentrationTests */ = {
			isa = PBXGroup;
			children = (
				37A01CD5265F3E2C00662F4F /* ConcentrationTests.swift */,
				37A01CD7265F3E2C00662F4F /* Info.plist */,
			);
			path = ConcentrationTests;
			sourceTree = "<group>";
		};
		37A01CDF265F3E2C00662F4F /* ConcentrationUITests */ = {
			isa = PBXGroup;
			children = (
				37A01CE0265F3E2C00662F4F /* ConcentrationUITests.swift */,
				37A01CE2265F3E2D00662F4F /* Info.plist */,
			);
			path = ConcentrationUITests;
			sourceTree = "<group>";
		};
/* End PBXGroup section */

/* Begin PBXNativeTarget section */
		37A01CBA265F3E2B00662F4F /* Concentration */ = {
			isa = PBXNativeTarget;
			buildConfigurationList = 37A01CE5265F3E2D00662F4F /* Build configuration list for PBXNativeTarget "Concentration" */;
			buildPhases = (
				37A01CB7265F3E2B00662F4F /* Sources */,
				37A01CB8265F3E2B00662F4F /* Frameworks */,
				37A01CB9265F3E2B00662F4F /* Resources */,
			);
			buildRules = (
			);
			dependencies = (
			);
			name = Concentration;
			productName = Concentration;
			productReference = 37A01CBB265F3E2B00662F4F /* Concentration.app */;
			productType = "com.apple.product-type.application";
		};
		37A01CD0265F3E2C00662F4F /* ConcentrationTests */ = {
			isa = PBXNativeTarget;
			buildConfigurationList = 37A01CE8265F3E2D00662F4F /* Build configuration list for PBXNativeTarget "ConcentrationTests" */;
			buildPhases = (
				37A01CCD265F3E2C00662F4F /* Sources */,
				37A01CCE265F3E2C00662F4F /* Frameworks */,
				37A01CCF265F3E2C00662F4F /* Resources */,
			);
			buildRules = (
			);
			dependencies = (
				37A01CD3265F3E2C00662F4F /* PBXTargetDependency */,
			);
			name = ConcentrationTests;
			productName = ConcentrationTests;
			productReference = 37A01CD1265F3E2C00662F4F /* ConcentrationTests.xctest */;
			productType = "com.apple.product-type.bundle.unit-test";
		};
		37A01CDB265F3E2C00662F4F /* ConcentrationUITests */ = {
			isa = PBXNativeTarget;
			buildConfigurationList = 37A01CEB265F3E2D00662F4F /* Build configuration list for PBXNativeTarget "ConcentrationUITests" */;
			buildPhases = (
				37A01CD8265F3E2C00662F4F /* Sources */,
				37A01CD9265F3E2C00662F4F /* Frameworks */,
				37A01CDA265F3E2C00662F4F /* Resources */,
			);
			buildRules = (
			);
			dependencies = (
				37A01CDE265F3E2C00662F4F /* PBXTargetDependency */,
			);
			name = ConcentrationUITests;
			productName = ConcentrationUITests;
			productReference = 37A01CDC265F3E2C00662F4F /* ConcentrationUITests.xctest */;
			productType = "com.apple.product-type.bundle.ui-testing";
		};
/* End PBXNativeTarget section */

/* Begin PBXProject section */
		37A01CB3265F3E2B00662F4F /* Project object */ = {
			isa = PBXProject;
			attributes = {
				LastSwiftUpdateCheck = 1250;
				LastUpgradeCheck = 1250;
				TargetAttributes = {
					37A01CBA265F3E2B00662F4F = {
						CreatedOnToolsVersion = 12.5;
					};
					37A01CD0265F3E2C00662F4F = {
						CreatedOnToolsVersion = 12.5;
						TestTargetID = 37A01CBA265F3E2B00662F4F;
					};
					37A01CDB265F3E2C00662F4F = {
						CreatedOnToolsVersion = 12.5;
						TestTargetID = 37A01CBA265F3E2B00662F4F;
					};
				};
			};
			buildConfigurationList = 37A01CB6265F3E2B00662F4F /* Build configuration list for PBXProject "Concentration" */;
			compatibilityVersion = "Xcode 9.3";
			developmentRegion = en;
			hasScannedForEncodings = 0;
			knownRegions = (
				en,
				Base,
			);
			mainGroup = 37A01CB2265F3E2B00662F4F;
			productRefGroup = 37A01CBC265F3E2B00662F4F /* Products */;
			projectDirPath = "";
			projectRoot = "";
			targets = (
				37A01CBA265F3E2B00662F4F /* Concentration */,
				37A01CD0265F3E2C00662F4F /* ConcentrationTests */,
				37A01CDB265F3E2C00662F4F /* ConcentrationUITests */,
			);
		};
/* End PBXProject section */

/* Begin PBXResourcesBuildPhase section */
		37A01CB9265F3E2B00662F4F /* Resources */ = {
			isa = PBXResourcesBuildPhase;
			buildActionMask = 2147483647;
			files = (
				37A01CCB265F3E2C00662F4F /* LaunchScreen.storyboard in Resources */,
				37A01CC8265F3E2C00662F4F /* Assets.xcassets in Resources */,
				37A01CC6265F3E2B00662F4F /* Main.storyboard in Resources */,
			);
			runOnlyForDeploymentPostprocessing = 0;
		};
		37A01CCF265F3E2C00662F4F /* Resources */ = {
			isa = PBXResourcesBuildPhase;
			buildActionMask = 2147483647;
			files = (
			);
			runOnlyForDeploymentPostprocessing = 0;
		};
		37A01CDA265F3E2C00662F4F /* Resources */ = {
			isa = PBXResourcesBuildPhase;
			buildActionMask = 2147483647;
			files = (
			);
			runOnlyForDeploymentPostprocessing = 0;
		};
/* End PBXResourcesBuildPhase section */

/* Begin PBXSourcesBuildPhase section */
		37A01CB7265F3E2B00662F4F /* Sources */ = {
			isa = PBXSourcesBuildPhase;
			buildActionMask = 2147483647;
			files = (
				37A01CC3265F3E2B00662F4F /* ViewController.swift in Sources */,
				37A01CBF265F3E2B00662F4F /* AppDelegate.swift in Sources */,
				37A01CC1265F3E2B00662F4F /* SceneDelegate.swift in Sources */,
			);
			runOnlyForDeploymentPostprocessing = 0;
		};
		37A01CCD265F3E2C00662F4F /* Sources */ = {
			isa = PBXSourcesBuildPhase;
			buildActionMask = 2147483647;
			files = (
				37A01CD6265F3E2C00662F4F /* ConcentrationTests.swift in Sources */,
			);
			runOnlyForDeploymentPostprocessing = 0;
		};
		37A01CD8265F3E2C00662F4F /* Sources */ = {
			isa = PBXSourcesBuildPhase;
			buildActionMask = 2147483647;
			files = (
				37A01CE1265F3E2C00662F4F /* ConcentrationUITests.swift in Sources */,
			);
			runOnlyForDeploymentPostprocessing = 0;
		};
/* End PBXSourcesBuildPhase section */

/* Begin PBXTargetDependency section */
		37A01CD3265F3E2C00662F4F /* PBXTargetDependency */ = {
			isa = PBXTargetDependency;
			target = 37A01CBA265F3E2B00662F4F /* Concentration */;
			targetProxy = 37A01CD2265F3E2C00662F4F /* PBXContainerItemProxy */;
		};
		37A01CDE265F3E2C00662F4F /* PBXTargetDependency */ = {
			isa = PBXTargetDependency;
			target = 37A01CBA265F3E2B00662F4F /* Concentration */;
			targetProxy = 37A01CDD265F3E2C00662F4F /* PBXContainerItemProxy */;
		};
/* End PBXTargetDependency section */

/* Begin PBXVariantGroup section */
		37A01CC4265F3E2B00662F4F /* Main.storyboard */ = {
			isa = PBXVariantGroup;
			children = (
				37A01CC5265F3E2B00662F4F /* Base */,
			);
			name = Main.storyboard;
			sourceTree = "<group>";
		};
		37A01CC9265F3E2C00662F4F /* LaunchScreen.storyboard */ = {
			isa = PBXVariantGroup;
			children = (
				37A01CCA265F3E2C00662F4F /* Base */,
			);
			name = LaunchScreen.storyboard;
			sourceTree = "<group>";
		};
/* End PBXVariantGroup section */

/* Begin XCBuildConfiguration section */
		37A01CE3265F3E2D00662F4F /* Debug */ = {
			isa = XCBuildConfiguration;
			buildSettings = {
				ALWAYS_SEARCH_USER_PATHS = NO;
				CLANG_ANALYZER_NONNULL = YES;
				CLANG_ANALYZER_NUMBER_OBJECT_CONVERSION = YES_AGGRESSIVE;
				CLANG_CXX_LANGUAGE_STANDARD = "gnu++14";
				CLANG_CXX_LIBRARY = "libc++";
				CLANG_ENABLE_MODULES = YES;
				CLANG_ENABLE_OBJC_ARC = YES;
				CLANG_ENABLE_OBJC_WEAK = YES;
				CLANG_WARN_BLOCK_CAPTURE_AUTORELEASING = YES;
				CLANG_WARN_BOOL_CONVERSION = YES;
				CLANG_WARN_COMMA = YES;
				CLANG_WARN_CONSTANT_CONVERSION = YES;
				CLANG_WARN_DEPRECATED_OBJC_IMPLEMENTATIONS = YES;
				CLANG_WARN_DIRECT_OBJC_ISA_USAGE = YES_ERROR;
				CLANG_WARN_DOCUMENTATION_COMMENTS = YES;
				CLANG_WARN_EMPTY_BODY = YES;
				CLANG_WARN_ENUM_CONVERSION = YES;
				CLANG_WARN_INFINITE_RECURSION = YES;
				CLANG_WARN_INT_CONVERSION = YES;
				CLANG_WARN_NON_LITERAL_NULL_CONVERSION = YES;
				CLANG_WARN_OBJC_IMPLICIT_RETAIN_SELF = YES;
				CLANG_WARN_OBJC_LITERAL_CONVERSION = YES;
				CLANG_WARN_OBJC_ROOT_CLASS = YES_ERROR;
				CLANG_WARN_QUOTED_INCLUDE_IN_FRAMEWORK_HEADER = YES;
				CLANG_WARN_RANGE_LOOP_ANALYSIS = YES;
				CLANG_WARN_STRICT_PROTOTYPES = YES;
				CLANG_WARN_SUSPICIOUS_MOVE = YES;
				CLANG_WARN_UNGUARDED_AVAILABILITY = YES_AGGRESSIVE;
				CLANG_WARN_UNREACHABLE_CODE = YES;
				CLANG_WARN__DUPLICATE_METHOD_MATCH = YES;
				COPY_PHASE_STRIP = NO;
				DEBUG_INFORMATION_FORMAT = dwarf;
				ENABLE_STRICT_OBJC_MSGSEND = YES;
				ENABLE_TESTABILITY = YES;
				GCC_C_LANGUAGE_STANDARD = gnu11;
				GCC_DYNAMIC_NO_PIC = NO;
				GCC_NO_COMMON_BLOCKS = YES;
				GCC_OPTIMIZATION_LEVEL = 0;
				GCC_PREPROCESSOR_DEFINITIONS = (
					"DEBUG=1",
					"$(inherited)",
				);
				GCC_WARN_64_TO_32_BIT_CONVERSION = YES;
				GCC_WARN_ABOUT_RETURN_TYPE = YES_ERROR;
				GCC_WARN_UNDECLARED_SELECTOR = YES;
				GCC_WARN_UNINITIALIZED_AUTOS = YES_AGGRESSIVE;
				GCC_WARN_UNUSED_FUNCTION = YES;
				GCC_WARN_UNUSED_VARIABLE = YES;
				IPHONEOS_DEPLOYMENT_TARGET = 14.5;
				MTL_ENABLE_DEBUG_INFO = INCLUDE_SOURCE;
				MTL_FAST_MATH = YES;
				ONLY_ACTIVE_ARCH = YES;
				SDKROOT = iphoneos;
				SWIFT_ACTIVE_COMPILATION_CONDITIONS = DEBUG;
				SWIFT_OPTIMIZATION_LEVEL = "-Onone";
			};
			name = Debug;
		};
		37A01CE4265F3E2D00662F4F /* Release */ = {
			isa = XCBuildConfiguration;
			buildSettings = {
				ALWAYS_SEARCH_USER_PATHS = NO;
				CLANG_ANALYZER_NONNULL = YES;
				CLANG_ANALYZER_NUMBER_OBJECT_CONVERSION = YES_AGGRESSIVE;
				CLANG_CXX_LANGUAGE_STANDARD = "gnu++14";
				CLANG_CXX_LIBRARY = "libc++";
				CLANG_ENABLE_MODULES = YES;
				CLANG_ENABLE_OBJC_ARC = YES;
				CLANG_ENABLE_OBJC_WEAK = YES;
				CLANG_WARN_BLOCK_CAPTURE_AUTORELEASING = YES;
				CLANG_WARN_BOOL_CONVERSION = YES;
				CLANG_WARN_COMMA = YES;
				CLANG_WARN_CONSTANT_CONVERSION = YES;
				CLANG_WARN_DEPRECATED_OBJC_IMPLEMENTATIONS = YES;
				CLANG_WARN_DIRECT_OBJC_ISA_USAGE = YES_ERROR;
				CLANG_WARN_DOCUMENTATION_COMMENTS = YES;
				CLANG_WARN_EMPTY_BODY = YES;
				CLANG_WARN_ENUM_CONVERSION = YES;
				CLANG_WARN_INFINITE_RECURSION = YES;
				CLANG_WARN_INT_CONVERSION = YES;
				CLANG_WARN_NON_LITERAL_NULL_CONVERSION = YES;
				CLANG_WARN_OBJC_IMPLICIT_RETAIN_SELF = YES;
				CLANG_WARN_OBJC_LITERAL_CONVERSION = YES;
				CLANG_WARN_OBJC_ROOT_CLASS = YES_ERROR;
				CLANG_WARN_QUOTED_INCLUDE_IN_FRAMEWORK_HEADER = YES;
				CLANG_WARN_RANGE_LOOP_ANALYSIS = YES;
				CLANG_WARN_STRICT_PROTOTYPES = YES;
				CLANG_WARN_SUSPICIOUS_MOVE = YES;
				CLANG_WARN_UNGUARDED_AVAILABILITY = YES_AGGRESSIVE;
				CLANG_WARN_UNREACHABLE_CODE = YES;
				CLANG_WARN__DUPLICATE_METHOD_MATCH = YES;
				COPY_PHASE_STRIP = NO;
				DEBUG_INFORMATION_FORMAT = "dwarf-with-dsym";
				ENABLE_NS_ASSERTIONS = NO;
				ENABLE_STRICT_OBJC_MSGSEND = YES;
				GCC_C_LANGUAGE_STANDARD = gnu11;
				GCC_NO_COMMON_BLOCKS = YES;
				GCC_WARN_64_TO_32_BIT_CONVERSION = YES;
				GCC_WARN_ABOUT_RETURN_TYPE = YES_ERROR;
				GCC_WARN_UNDECLARED_SELECTOR = YES;
				GCC_WARN_UNINITIALIZED_AUTOS = YES_AGGRESSIVE;
				GCC_WARN_UNUSED_FUNCTION = YES;
				GCC_WARN_UNUSED_VARIABLE = YES;
				IPHONEOS_DEPLOYMENT_TARGET = 14.5;
				MTL_ENABLE_DEBUG_INFO = NO;
				MTL_FAST_MATH = YES;
				SDKROOT = iphoneos;
				SWIFT_COMPILATION_MODE = wholemodule;
				SWIFT_OPTIMIZATION_LEVEL = "-O";
				VALIDATE_PRODUCT = YES;
			};
			name = Release;
		};
		37A01CE6265F3E2D00662F4F /* Debug */ = {
			isa = XCBuildConfiguration;
			buildSettings = {
				ASSETCATALOG_COMPILER_APPICON_NAME = AppIcon;
				ASSETCATALOG_COMPILER_GLOBAL_ACCENT_COLOR_NAME = AccentColor;
				CODE_SIGN_STYLE = Automatic;
				DEVELOPMENT_TEAM = 73Y9G8QD3H;
				INFOPLIST_FILE = Concentration/Info.plist;
				LD_RUNPATH_SEARCH_PATHS = (
					"$(inherited)",
					"@executable_path/Frameworks",
				);
				PRODUCT_BUNDLE_IDENTIFIER = cn.58.Concentration;
				PRODUCT_NAME = "$(TARGET_NAME)";
				SWIFT_VERSION = 5.0;
				TARGETED_DEVICE_FAMILY = "1,2";
			};
			name = Debug;
		};
		37A01CE7265F3E2D00662F4F /* Release */ = {
			isa = XCBuildConfiguration;
			buildSettings = {
				ASSETCATALOG_COMPILER_APPICON_NAME = AppIcon;
				ASSETCATALOG_COMPILER_GLOBAL_ACCENT_COLOR_NAME = AccentColor;
				CODE_SIGN_STYLE = Automatic;
				DEVELOPMENT_TEAM = 73Y9G8QD3H;
				INFOPLIST_FILE = Concentration/Info.plist;
				LD_RUNPATH_SEARCH_PATHS = (
					"$(inherited)",
					"@executable_path/Frameworks",
				);
				PRODUCT_BUNDLE_IDENTIFIER = cn.58.Concentration;
				PRODUCT_NAME = "$(TARGET_NAME)";
				SWIFT_VERSION = 5.0;
				TARGETED_DEVICE_FAMILY = "1,2";
			};
			name = Release;
		};
		37A01CE9265F3E2D00662F4F /* Debug */ = {
			isa = XCBuildConfiguration;
			buildSettings = {
				ALWAYS_EMBED_SWIFT_STANDARD_LIBRARIES = YES;
				BUNDLE_LOADER = "$(TEST_HOST)";
				CODE_SIGN_STYLE = Automatic;
				DEVELOPMENT_TEAM = 73Y9G8QD3H;
				INFOPLIST_FILE = ConcentrationTests/Info.plist;
				IPHONEOS_DEPLOYMENT_TARGET = 14.5;
				LD_RUNPATH_SEARCH_PATHS = (
					"$(inherited)",
					"@executable_path/Frameworks",
					"@loader_path/Frameworks",
				);
				PRODUCT_BUNDLE_IDENTIFIER = cn.58.ConcentrationTests;
				PRODUCT_NAME = "$(TARGET_NAME)";
				SWIFT_VERSION = 5.0;
				TARGETED_DEVICE_FAMILY = "1,2";
				TEST_HOST = "$(BUILT_PRODUCTS_DIR)/Concentration.app/Concentration";
			};
			name = Debug;
		};
		37A01CEA265F3E2D00662F4F /* Release */ = {
			isa = XCBuildConfiguration;
			buildSettings = {
				ALWAYS_EMBED_SWIFT_STANDARD_LIBRARIES = YES;
				BUNDLE_LOADER = "$(TEST_HOST)";
				CODE_SIGN_STYLE = Automatic;
				DEVELOPMENT_TEAM = 73Y9G8QD3H;
				INFOPLIST_FILE = ConcentrationTests/Info.plist;
				IPHONEOS_DEPLOYMENT_TARGET = 14.5;
				LD_RUNPATH_SEARCH_PATHS = (
					"$(inherited)",
					"@executable_path/Frameworks",
					"@loader_path/Frameworks",
				);
				PRODUCT_BUNDLE_IDENTIFIER = cn.58.ConcentrationTests;
				PRODUCT_NAME = "$(TARGET_NAME)";
				SWIFT_VERSION = 5.0;
				TARGETED_DEVICE_FAMILY = "1,2";
				TEST_HOST = "$(BUILT_PRODUCTS_DIR)/Concentration.app/Concentration";
			};
			name = Release;
		};
		37A01CEC265F3E2D00662F4F /* Debug */ = {
			isa = XCBuildConfiguration;
			buildSettings = {
				ALWAYS_EMBED_SWIFT_STANDARD_LIBRARIES = YES;
				CODE_SIGN_STYLE = Automatic;
				DEVELOPMENT_TEAM = 73Y9G8QD3H;
				INFOPLIST_FILE = ConcentrationUITests/Info.plist;
				LD_RUNPATH_SEARCH_PATHS = (
					"$(inherited)",
					"@executable_path/Frameworks",
					"@loader_path/Frameworks",
				);
				PRODUCT_BUNDLE_IDENTIFIER = cn.58.ConcentrationUITests;
				PRODUCT_NAME = "$(TARGET_NAME)";
				SWIFT_VERSION = 5.0;
				TARGETED_DEVICE_FAMILY = "1,2";
				TEST_TARGET_NAME = Concentration;
			};
			name = Debug;
		};
		37A01CED265F3E2D00662F4F /* Release */ = {
			isa = XCBuildConfiguration;
			buildSettings = {
				ALWAYS_EMBED_SWIFT_STANDARD_LIBRARIES = YES;
				CODE_SIGN_STYLE = Automatic;
				DEVELOPMENT_TEAM = 73Y9G8QD3H;
				INFOPLIST_FILE = ConcentrationUITests/Info.plist;
				LD_RUNPATH_SEARCH_PATHS = (
					"$(inherited)",
					"@executable_path/Frameworks",
					"@loader_path/Frameworks",
				);
				PRODUCT_BUNDLE_IDENTIFIER = cn.58.ConcentrationUITests;
				PRODUCT_NAME = "$(TARGET_NAME)";
				SWIFT_VERSION = 5.0;
				TARGETED_DEVICE_FAMILY = "1,2";
				TEST_TARGET_NAME = Concentration;
			};
			name = Release;
		};
/* End XCBuildConfiguration section */

/* Begin XCConfigurationList section */
		37A01CB6265F3E2B00662F4F /* Build configuration list for PBXProject "Concentration" */ = {
			isa = XCConfigurationList;
			buildConfigurations = (
				37A01CE3265F3E2D00662F4F /* Debug */,
				37A01CE4265F3E2D00662F4F /* Release */,
			);
			defaultConfigurationIsVisible = 0;
			defaultConfigurationName = Release;
		};
		37A01CE5265F3E2D00662F4F /* Build configuration list for PBXNativeTarget "Concentration" */ = {
			isa = XCConfigurationList;
			buildConfigurations = (
				37A01CE6265F3E2D00662F4F /* Debug */,
				37A01CE7265F3E2D00662F4F /* Release */,
			);
			defaultConfigurationIsVisible = 0;
			defaultConfigurationName = Release;
		};
		37A01CE8265F3E2D00662F4F /* Build configuration list for PBXNativeTarget "ConcentrationTests" */ = {
			isa = XCConfigurationList;
			buildConfigurations = (
				37A01CE9265F3E2D00662F4F /* Debug */,
				37A01CEA265F3E2D00662F4F /* Release */,
			);
			defaultConfigurationIsVisible = 0;
			defaultConfigurationName = Release;
		};
		37A01CEB265F3E2D00662F4F /* Build configuration list for PBXNativeTarget "ConcentrationUITests" */ = {
			isa = XCConfigurationList;
			buildConfigurations = (
				37A01CEC265F3E2D00662F4F /* Debug */,
				37A01CED265F3E2D00662F4F /* Release */,
			);
			defaultConfigurationIsVisible = 0;
			defaultConfigurationName = Release;
		};
/* End XCConfigurationList section */
	};
	rootObject = 37A01CB3265F3E2B00662F4F /* Project object */;
}
